
Microsoft Visual Studio Solution File, Format Version 12.00
# Visual Studio Version 17
VisualStudioVersion = 17.14.36915.13 d17.14
MinimumVisualStudioVersion = 10.0.40219.1
Project("{FAE04EC0-301F-11D3-BF4B-00C04F79EFBC}") = "5.condicionalesanidados", "5.condicionalesanidados.csproj", "{331A8FB4-3B40-45FA-BF24-3CCC123DCB08}"
EndProject
Global
	GlobalSection(SolutionConfigurationPlatforms) = preSolution
		Debug|Any CPU = Debug|Any CPU
		Release|Any CPU = Release|Any CPU
	EndGlobalSection
	GlobalSection(ProjectConfigurationPlatforms) = postSolution
		{331A8FB4-3B40-45FA-BF24-3CCC123DCB08}.Debug|Any CPU.ActiveCfg = Debug|Any CPU
		{331A8FB4-3B40-45FA-BF24-3CCC123DCB08}.Debug|Any CPU.Build.0 = Debug|Any CPU
		{331A8FB4-3B40-45FA-BF24-3CCC123DCB08}.Release|Any CPU.ActiveCfg = Release|Any CPU
		{331A8FB4-3B40-45FA-BF24-3CCC123DCB08}.Release|Any CPU.Build.0 = Release|Any CPU
	EndGlobalSection
	GlobalSection(SolutionProperties) = preSolution
		HideSolutionNode = FALSE
	EndGlobalSection
	GlobalSection(ExtensibilityGlobals) = postSolution
		SolutionGuid = {EAED01D9-BC82-4245-902F-05175E326AC2}
	EndGlobalSection
EndGlobal
