
Microsoft Visual Studio Solution File, Format Version 12.00
# Visual Studio Version 17
VisualStudioVersion = 17.14.36915.13 d17.14
MinimumVisualStudioVersion = 10.0.40219.1
Project("{FAE04EC0-301F-11D3-BF4B-00C04F79EFBC}") = "7.condicionalesmultiplesoperador terciario", "7.condicionalesmultiplesoperador terciario.csproj", "{40E4161C-4361-4B54-8444-2A02FCA3FCB5}"
EndProject
Global
	GlobalSection(SolutionConfigurationPlatforms) = preSolution
		Debug|Any CPU = Debug|Any CPU
		Release|Any CPU = Release|Any CPU
	EndGlobalSection
	GlobalSection(ProjectConfigurationPlatforms) = postSolution
		{40E4161C-4361-4B54-8444-2A02FCA3FCB5}.Debug|Any CPU.ActiveCfg = Debug|Any CPU
		{40E4161C-4361-4B54-8444-2A02FCA3FCB5}.Debug|Any CPU.Build.0 = Debug|Any CPU
		{40E4161C-4361-4B54-8444-2A02FCA3FCB5}.Release|Any CPU.ActiveCfg = Release|Any CPU
		{40E4161C-4361-4B54-8444-2A02FCA3FCB5}.Release|Any CPU.Build.0 = Release|Any CPU
	EndGlobalSection
	GlobalSection(SolutionProperties) = preSolution
		HideSolutionNode = FALSE
	EndGlobalSection
	GlobalSection(ExtensibilityGlobals) = postSolution
		SolutionGuid = {7C048EB9-9369-4F0D-B30F-7F77DCDC3380}
	EndGlobalSection
EndGlobal
