
Microsoft Visual Studio Solution File, Format Version 12.00
# Visual Studio Version 17
VisualStudioVersion = 17.14.36915.13 d17.14
MinimumVisualStudioVersion = 10.0.40219.1
Project("{FAE04EC0-301F-11D3-BF4B-00C04F79EFBC}") = "2. Condicionales simples", "2. Condicionales simples.csproj", "{ECA90363-21FD-46A9-9712-67B510CD6797}"
EndProject
Global
	GlobalSection(SolutionConfigurationPlatforms) = preSolution
		Debug|Any CPU = Debug|Any CPU
		Release|Any CPU = Release|Any CPU
	EndGlobalSection
	GlobalSection(ProjectConfigurationPlatforms) = postSolution
		{ECA90363-21FD-46A9-9712-67B510CD6797}.Debug|Any CPU.ActiveCfg = Debug|Any CPU
		{ECA90363-21FD-46A9-9712-67B510CD6797}.Debug|Any CPU.Build.0 = Debug|Any CPU
		{ECA90363-21FD-46A9-9712-67B510CD6797}.Release|Any CPU.ActiveCfg = Release|Any CPU
		{ECA90363-21FD-46A9-9712-67B510CD6797}.Release|Any CPU.Build.0 = Release|Any CPU
	EndGlobalSection
	GlobalSection(SolutionProperties) = preSolution
		HideSolutionNode = FALSE
	EndGlobalSection
	GlobalSection(ExtensibilityGlobals) = postSolution
		SolutionGuid = {56D3AFEC-2D78-4EC8-83EE-F0D8E03FFFA0}
	EndGlobalSection
EndGlobal
